
Microsoft Visual Studio Solution File, Format Version 12.00
# Visual Studio Version 17
VisualStudioVersion = 17.3.32922.545
MinimumVisualStudioVersion = 10.0.40219.1
Project("{FAE04EC0-301F-11D3-BF4B-00C04F79EFBC}") = "SQLiteExample", "SQLiteExample\SQLiteExample.csproj", "{03DA75F8-83DF-4CAE-9086-23956F2E963B}"
EndProject
Global
	GlobalSection(SolutionConfigurationPlatforms) = preSolution
		Debug|Any CPU = Debug|Any CPU
		Release|Any CPU = Release|Any CPU
	EndGlobalSection
	GlobalSection(ProjectConfigurationPlatforms) = postSolution
		{03DA75F8-83DF-4CAE-9086-23956F2E963B}.Debug|Any CPU.ActiveCfg = Debug|Any CPU
		{03DA75F8-83DF-4CAE-9086-23956F2E963B}.Debug|Any CPU.Build.0 = Debug|Any CPU
		{03DA75F8-83DF-4CAE-9086-23956F2E963B}.Release|Any CPU.ActiveCfg = Release|Any CPU
		{03DA75F8-83DF-4CAE-9086-23956F2E963B}.Release|Any CPU.Build.0 = Release|Any CPU
	EndGlobalSection
	GlobalSection(SolutionProperties) = preSolution
		HideSolutionNode = FALSE
	EndGlobalSection
	GlobalSection(ExtensibilityGlobals) = postSolution
		SolutionGuid = {D264943A-6658-49D4-BB52-9EB27D493E10}
	EndGlobalSection
EndGlobal
